
Microsoft Visual Studio Solution File, Format Version 12.00
# Visual Studio Version 17
VisualStudioVersion = 17.2.32630.192
MinimumVisualStudioVersion = 10.0.40219.1
Project("{9A19103F-16F7-4668-BE54-9A1E7A4F7556}") = "ClinicManagementLibrary", "ClinicManagementLibrary\ClinicManagementLibrary.csproj", "{BDC4C5F6-470C-491E-A995-0B673E91BA2F}"
EndProject
Project("{FAE04EC0-301F-11D3-BF4B-00C04F79EFBC}") = "TestingLibrary", "LoginTest\TestingLibrary.csproj", "{6C38DDE0-3A51-4202-BE3D-9C19D52BAC8B}"
EndProject
Global
	GlobalSection(SolutionConfigurationPlatforms) = preSolution
		Debug|Any CPU = Debug|Any CPU
		Release|Any CPU = Release|Any CPU
	EndGlobalSection
	GlobalSection(ProjectConfigurationPlatforms) = postSolution
		{BDC4C5F6-470C-491E-A995-0B673E91BA2F}.Debug|Any CPU.ActiveCfg = Debug|Any CPU
		{BDC4C5F6-470C-491E-A995-0B673E91BA2F}.Debug|Any CPU.Build.0 = Debug|Any CPU
		{BDC4C5F6-470C-491E-A995-0B673E91BA2F}.Release|Any CPU.ActiveCfg = Release|Any CPU
		{BDC4C5F6-470C-491E-A995-0B673E91BA2F}.Release|Any CPU.Build.0 = Release|Any CPU
		{6C38DDE0-3A51-4202-BE3D-9C19D52BAC8B}.Debug|Any CPU.ActiveCfg = Debug|Any CPU
		{6C38DDE0-3A51-4202-BE3D-9C19D52BAC8B}.Debug|Any CPU.Build.0 = Debug|Any CPU
		{6C38DDE0-3A51-4202-BE3D-9C19D52BAC8B}.Release|Any CPU.ActiveCfg = Release|Any CPU
		{6C38DDE0-3A51-4202-BE3D-9C19D52BAC8B}.Release|Any CPU.Build.0 = Release|Any CPU
	EndGlobalSection
	GlobalSection(SolutionProperties) = preSolution
		HideSolutionNode = FALSE
	EndGlobalSection
	GlobalSection(ExtensibilityGlobals) = postSolution
		SolutionGuid = {CDA66A85-D43F-45B0-AE33-38F89B9A07AA}
	EndGlobalSection
EndGlobal
